{
  "name": "handoffx",
  "version": "0.1.0",
  "lockfileVersion": 3,
  "requires": true,
  "packages": {
    "": {
      "name": "handoffx",
      "version": "0.1.0",
      "license": "Apache-2.0",
      "bin": {
        "handoffx": "src/cli.js"
      },
      "engines": {
        "bun": ">=1.1",
        "node": ">=20"
      }
    }
  }
}
